
Microsoft Visual Studio Solution File, Format Version 12.00
# Visual Studio Version 17
VisualStudioVersion = 17.4.33213.308
MinimumVisualStudioVersion = 10.0.40219.1
Project("{FAE04EC0-301F-11D3-BF4B-00C04F79EFBC}") = "MelbourneWeatherApp", "MelbourneWeatherApp.csproj", "{8AADD58A-39C7-49F0-8233-BD0F2CB502B6}"
EndProject
Global
	GlobalSection(SolutionConfigurationPlatforms) = preSolution
		Debug|Any CPU = Debug|Any CPU
		Release|Any CPU = Release|Any CPU
	EndGlobalSection
	GlobalSection(ProjectConfigurationPlatforms) = postSolution
		{8AADD58A-39C7-49F0-8233-BD0F2CB502B6}.Debug|Any CPU.ActiveCfg = Debug|Any CPU
		{8AADD58A-39C7-49F0-8233-BD0F2CB502B6}.Debug|Any CPU.Build.0 = Debug|Any CPU
		{8AADD58A-39C7-49F0-8233-BD0F2CB502B6}.Release|Any CPU.ActiveCfg = Release|Any CPU
		{8AADD58A-39C7-49F0-8233-BD0F2CB502B6}.Release|Any CPU.Build.0 = Release|Any CPU
	EndGlobalSection
	GlobalSection(SolutionProperties) = preSolution
		HideSolutionNode = FALSE
	EndGlobalSection
	GlobalSection(ExtensibilityGlobals) = postSolution
		SolutionGuid = {DB29DF1B-C81E-4937-9AAF-90F3CDB03B8A}
	EndGlobalSection
EndGlobal
